// !$*UTF8*$!
{
	archiveVersion = 1;
	classes = {
	};
	objectVersion = 55;
	objects = {

/* Begin PBXBuildFile section */
		07133185838619870FADDBFA /* Pods_UIKit_Fundamental.framework in Frameworks */ = {isa = PBXBuildFile; fileRef = F1CD2A92527B090C6EB42BA3 /* Pods_UIKit_Fundamental.framework */; };
		5A9ADD33274510880000C502 /* AppDelegate.swift in Sources */ = {isa = PBXBuildFile; fileRef = 5A9ADD32274510880000C502 /* AppDelegate.swift */; };
		5A9ADD35274510880000C502 /* SceneDelegate.swift in Sources */ = {isa = PBXBuildFile; fileRef = 5A9ADD34274510880000C502 /* SceneDelegate.swift */; };
		5A9ADD37274510880000C502 /* HomeVC.swift in Sources */ = {isa = PBXBuildFile; fileRef = 5A9ADD36274510880000C502 /* HomeVC.swift */; };
		5A9ADD3A274510880000C502 /* Main.storyboard in Resources */ = {isa = PBXBuildFile; fileRef = 5A9ADD38274510880000C502 /* Main.storyboard */; };
		5A9ADD3C274510880000C502 /* Assets.xcassets in Resources */ = {isa = PBXBuildFile; fileRef = 5A9ADD3B274510880000C502 /* Assets.xcassets */; };
		5A9ADD3F274510880000C502 /* LaunchScreen.storyboard in Resources */ = {isa = PBXBuildFile; fileRef = 5A9ADD3D274510880000C502 /* LaunchScreen.storyboard */; };
		5ABCE13927462B59009DB76B /* UserListVC.swift in Sources */ = {isa = PBXBuildFile; fileRef = 5ABCE13827462B59009DB76B /* UserListVC.swift */; };
		5ABCE13B27462B95009DB76B /* PhotoCollectionVC.swift in Sources */ = {isa = PBXBuildFile; fileRef = 5ABCE13A27462B95009DB76B /* PhotoCollectionVC.swift */; };
/* End PBXBuildFile section */

/* Begin PBXFileReference section */
		5A9ADD2F274510880000C502 /* UIKit_Fundamental.app */ = {isa = PBXFileReference; explicitFileType = wrapper.application; includeInIndex = 0; path = UIKit_Fundamental.app; sourceTree = BUILT_PRODUCTS_DIR; };
		5A9ADD32274510880000C502 /* AppDelegate.swift */ = {isa = PBXFileReference; lastKnownFileType = sourcecode.swift; path = AppDelegate.swift; sourceTree = "<group>"; };
		5A9ADD34274510880000C502 /* SceneDelegate.swift */ = {isa = PBXFileReference; lastKnownFileType = sourcecode.swift; path = SceneDelegate.swift; sourceTree = "<group>"; };
		5A9ADD36274510880000C502 /* HomeVC.swift */ = {isa = PBXFileReference; lastKnownFileType = sourcecode.swift; path = HomeVC.swift; sourceTree = "<group>"; };
		5A9ADD39274510880000C502 /* Base */ = {isa = PBXFileReference; lastKnownFileType = file.storyboard; name = Base; path = Base.lproj/Main.storyboard; sourceTree = "<group>"; };
		5A9ADD3B274510880000C502 /* Assets.xcassets */ = {isa = PBXFileReference; lastKnownFileType = folder.assetcatalog; path = Assets.xcassets; sourceTree = "<group>"; };
		5A9ADD3E274510880000C502 /* Base */ = {isa = PBXFileReference; lastKnownFileType = file.storyboard; name = Base; path = Base.lproj/LaunchScreen.storyboard; sourceTree = "<group>"; };
		5A9ADD40274510880000C502 /* Info.plist */ = {isa = PBXFileReference; lastKnownFileType = text.plist.xml; path = Info.plist; sourceTree = "<group>"; };
		5ABCE13827462B59009DB76B /* UserListVC.swift */ = {isa = PBXFileReference; lastKnownFileType = sourcecode.swift; path = UserListVC.swift; sourceTree = "<group>"; };
		5ABCE13A27462B95009DB76B /* PhotoCollectionVC.swift */ = {isa = PBXFileReference; lastKnownFileType = sourcecode.swift; path = PhotoCollectionVC.swift; sourceTree = "<group>"; };
		92C57C4D2BBF613BEEB5FC75 /* Pods-UIKit_Fundamental.release.xcconfig */ = {isa = PBXFileReference; includeInIndex = 1; lastKnownFileType = text.xcconfig; name = "Pods-UIKit_Fundamental.release.xcconfig"; path = "Target Support Files/Pods-UIKit_Fundamental/Pods-UIKit_Fundamental.release.xcconfig"; sourceTree = "<group>"; };
		BB502A193386E5B628A158DF /* Pods-UIKit_Fundamental.debug.xcconfig */ = {isa = PBXFileReference; includeInIndex = 1; lastKnownFileType = text.xcconfig; name = "Pods-UIKit_Fundamental.debug.xcconfig"; path = "Target Support Files/Pods-UIKit_Fundamental/Pods-UIKit_Fundamental.debug.xcconfig"; sourceTree = "<group>"; };
		F1CD2A92527B090C6EB42BA3 /* Pods_UIKit_Fundamental.framework */ = {isa = PBXFileReference; explicitFileType = wrapper.framework; includeInIndex = 0; path = Pods_UIKit_Fundamental.framework; sourceTree = BUILT_PRODUCTS_DIR; };
/* End PBXFileReference section */

/* Begin PBXFrameworksBuildPhase section */
		5A9ADD2C274510880000C502 /* Frameworks */ = {
			isa = PBXFrameworksBuildPhase;
			buildActionMask = 2147483647;
			files = (
				07133185838619870FADDBFA /* Pods_UIKit_Fundamental.framework in Frameworks */,
			);
			runOnlyForDeploymentPostprocessing = 0;
		};
/* End PBXFrameworksBuildPhase section */

/* Begin PBXGroup section */
		174E63DAF1BF9769E00164D6 /* Frameworks */ = {
			isa = PBXGroup;
			children = (
				F1CD2A92527B090C6EB42BA3 /* Pods_UIKit_Fundamental.framework */,
			);
			name = Frameworks;
			sourceTree = "<group>";
		};
		5A10D71E274646210075B537 /* ViewControllers */ = {
			isa = PBXGroup;
			children = (
				5A9ADD36274510880000C502 /* HomeVC.swift */,
				5ABCE13A27462B95009DB76B /* PhotoCollectionVC.swift */,
				5ABCE13827462B59009DB76B /* UserListVC.swift */,
			);
			path = ViewControllers;
			sourceTree = "<group>";
		};
		5A9ADD26274510880000C502 = {
			isa = PBXGroup;
			children = (
				5A9ADD31274510880000C502 /* UIKit_Fundamental */,
				5A9ADD30274510880000C502 /* Products */,
				BB48BF4F4E7A7D8E4543DD02 /* Pods */,
				174E63DAF1BF9769E00164D6 /* Frameworks */,
			);
			sourceTree = "<group>";
		};
		5A9ADD30274510880000C502 /* Products */ = {
			isa = PBXGroup;
			children = (
				5A9ADD2F274510880000C502 /* UIKit_Fundamental.app */,
			);
			name = Products;
			sourceTree = "<group>";
		};
		5A9ADD31274510880000C502 /* UIKit_Fundamental */ = {
			isa = PBXGroup;
			children = (
				5A10D71E274646210075B537 /* ViewControllers */,
				5A9ADD32274510880000C502 /* AppDelegate.swift */,
				5A9ADD34274510880000C502 /* SceneDelegate.swift */,
				5A9ADD38274510880000C502 /* Main.storyboard */,
				5A9ADD3D274510880000C502 /* LaunchScreen.storyboard */,
				5A9ADD3B274510880000C502 /* Assets.xcassets */,
				5A9ADD40274510880000C502 /* Info.plist */,
			);
			path = UIKit_Fundamental;
			sourceTree = "<group>";
		};
		BB48BF4F4E7A7D8E4543DD02 /* Pods */ = {
			isa = PBXGroup;
			children = (
				BB502A193386E5B628A158DF /* Pods-UIKit_Fundamental.debug.xcconfig */,
				92C57C4D2BBF613BEEB5FC75 /* Pods-UIKit_Fundamental.release.xcconfig */,
			);
			path = Pods;
			sourceTree = "<group>";
		};
/* End PBXGroup section */

/* Begin PBXNativeTarget section */
		5A9ADD2E274510880000C502 /* UIKit_Fundamental */ = {
			isa = PBXNativeTarget;
			buildConfigurationList = 5A9ADD43274510880000C502 /* Build configuration list for PBXNativeTarget "UIKit_Fundamental" */;
			buildPhases = (
				598E4C8BB477E292BDDE1892 /* [CP] Check Pods Manifest.lock */,
				5A9ADD2B274510880000C502 /* Sources */,
				5A9ADD2C274510880000C502 /* Frameworks */,
				5A9ADD2D274510880000C502 /* Resources */,
				41C4E2CA59D3CDB3E0B9B12D /* [CP] Embed Pods Frameworks */,
			);
			buildRules = (
			);
			dependencies = (
			);
			name = UIKit_Fundamental;
			productName = UIKit_Fundamental;
			productReference = 5A9ADD2F274510880000C502 /* UIKit_Fundamental.app */;
			productType = "com.apple.product-type.application";
		};
/* End PBXNativeTarget section */

/* Begin PBXProject section */
		5A9ADD27274510880000C502 /* Project object */ = {
			isa = PBXProject;
			attributes = {
				BuildIndependentTargetsInParallel = 1;
				LastSwiftUpdateCheck = 1310;
				LastUpgradeCheck = 1310;
				TargetAttributes = {
					5A9ADD2E274510880000C502 = {
						CreatedOnToolsVersion = 13.1;
					};
				};
			};
			buildConfigurationList = 5A9ADD2A274510880000C502 /* Build configuration list for PBXProject "UIKit_Fundamental" */;
			compatibilityVersion = "Xcode 13.0";
			developmentRegion = en;
			hasScannedForEncodings = 0;
			knownRegions = (
				en,
				Base,
			);
			mainGroup = 5A9ADD26274510880000C502;
			productRefGroup = 5A9ADD30274510880000C502 /* Products */;
			projectDirPath = "";
			projectRoot = "";
			targets = (
				5A9ADD2E274510880000C502 /* UIKit_Fundamental */,
			);
		};
/* End PBXProject section */

/* Begin PBXResourcesBuildPhase section */
		5A9ADD2D274510880000C502 /* Resources */ = {
			isa = PBXResourcesBuildPhase;
			buildActionMask = 2147483647;
			files = (
				5A9ADD3F274510880000C502 /* LaunchScreen.storyboard in Resources */,
				5A9ADD3C274510880000C502 /* Assets.xcassets in Resources */,
				5A9ADD3A274510880000C502 /* Main.storyboard in Resources */,
			);
			runOnlyForDeploymentPostprocessing = 0;
		};
/* End PBXResourcesBuildPhase section */

/* Begin PBXShellScriptBuildPhase section */
		41C4E2CA59D3CDB3E0B9B12D /* [CP] Embed Pods Frameworks */ = {
			isa = PBXShellScriptBuildPhase;
			buildActionMask = 2147483647;
			files = (
			);
			inputFileListPaths = (
				"${PODS_ROOT}/Target Support Files/Pods-UIKit_Fundamental/Pods-UIKit_Fundamental-frameworks-${CONFIGURATION}-input-files.xcfilelist",
			);
			name = "[CP] Embed Pods Frameworks";
			outputFileListPaths = (
				"${PODS_ROOT}/Target Support Files/Pods-UIKit_Fundamental/Pods-UIKit_Fundamental-frameworks-${CONFIGURATION}-output-files.xcfilelist",
			);
			runOnlyForDeploymentPostprocessing = 0;
			shellPath = /bin/sh;
			shellScript = "\"${PODS_ROOT}/Target Support Files/Pods-UIKit_Fundamental/Pods-UIKit_Fundamental-frameworks.sh\"\n";
			showEnvVarsInLog = 0;
		};
		598E4C8BB477E292BDDE1892 /* [CP] Check Pods Manifest.lock */ = {
			isa = PBXShellScriptBuildPhase;
			buildActionMask = 2147483647;
			files = (
			);
			inputFileListPaths = (
			);
			inputPaths = (
				"${PODS_PODFILE_DIR_PATH}/Podfile.lock",
				"${PODS_ROOT}/Manifest.lock",
			);
			name = "[CP] Check Pods Manifest.lock";
			outputFileListPaths = (
			);
			outputPaths = (
				"$(DERIVED_FILE_DIR)/Pods-UIKit_Fundamental-checkManifestLockResult.txt",
			);
			runOnlyForDeploymentPostprocessing = 0;
			shellPath = /bin/sh;
			shellScript = "diff \"${PODS_PODFILE_DIR_PATH}/Podfile.lock\" \"${PODS_ROOT}/Manifest.lock\" > /dev/null\nif [ $? != 0 ] ; then\n    # print error to STDERR\n    echo \"error: The sandbox is not in sync with the Podfile.lock. Run 'pod install' or update your CocoaPods installation.\" >&2\n    exit 1\nfi\n# This output is used by Xcode 'outputs' to avoid re-running this script phase.\necho \"SUCCESS\" > \"${SCRIPT_OUTPUT_FILE_0}\"\n";
			showEnvVarsInLog = 0;
		};
/* End PBXShellScriptBuildPhase section */

/* Begin PBXSourcesBuildPhase section */
		5A9ADD2B274510880000C502 /* Sources */ = {
			isa = PBXSourcesBuildPhase;
			buildActionMask = 2147483647;
			files = (
				5A9ADD37274510880000C502 /* HomeVC.swift in Sources */,
				5A9ADD33274510880000C502 /* AppDelegate.swift in Sources */,
				5A9ADD35274510880000C502 /* SceneDelegate.swift in Sources */,
				5ABCE13927462B59009DB76B /* UserListVC.swift in Sources */,
				5ABCE13B27462B95009DB76B /* PhotoCollectionVC.swift in Sources */,
			);
			runOnlyForDeploymentPostprocessing = 0;
		};
/* End PBXSourcesBuildPhase section */

/* Begin PBXVariantGroup section */
		5A9ADD38274510880000C502 /* Main.storyboard */ = {
			isa = PBXVariantGroup;
			children = (
				5A9ADD39274510880000C502 /* Base */,
			);
			name = Main.storyboard;
			sourceTree = "<group>";
		};
		5A9ADD3D274510880000C502 /* LaunchScreen.storyboard */ = {
			isa = PBXVariantGroup;
			children = (
				5A9ADD3E274510880000C502 /* Base */,
			);
			name = LaunchScreen.storyboard;
			sourceTree = "<group>";
		};
/* End PBXVariantGroup section */

/* Begin XCBuildConfiguration section */
		5A9ADD41274510880000C502 /* Debug */ = {
			isa = XCBuildConfiguration;
			buildSettings = {
				ALWAYS_SEARCH_USER_PATHS = NO;
				CLANG_ANALYZER_NONNULL = YES;
				CLANG_ANALYZER_NUMBER_OBJECT_CONVERSION = YES_AGGRESSIVE;
				CLANG_CXX_LANGUAGE_STANDARD = "gnu++17";
				CLANG_CXX_LIBRARY = "libc++";
				CLANG_ENABLE_MODULES = YES;
				CLANG_ENABLE_OBJC_ARC = YES;
				CLANG_ENABLE_OBJC_WEAK = YES;
				CLANG_WARN_BLOCK_CAPTURE_AUTORELEASING = YES;
				CLANG_WARN_BOOL_CONVERSION = YES;
				CLANG_WARN_COMMA = YES;
				CLANG_WARN_CONSTANT_CONVERSION = YES;
				CLANG_WARN_DEPRECATED_OBJC_IMPLEMENTATIONS = YES;
				CLANG_WARN_DIRECT_OBJC_ISA_USAGE = YES_ERROR;
				CLANG_WARN_DOCUMENTATION_COMMENTS = YES;
				CLANG_WARN_EMPTY_BODY = YES;
				CLANG_WARN_ENUM_CONVERSION = YES;
				CLANG_WARN_INFINITE_RECURSION = YES;
				CLANG_WARN_INT_CONVERSION = YES;
				CLANG_WARN_NON_LITERAL_NULL_CONVERSION = YES;
				CLANG_WARN_OBJC_IMPLICIT_RETAIN_SELF = YES;
				CLANG_WARN_OBJC_LITERAL_CONVERSION = YES;
				CLANG_WARN_OBJC_ROOT_CLASS = YES_ERROR;
				CLANG_WARN_QUOTED_INCLUDE_IN_FRAMEWORK_HEADER = YES;
				CLANG_WARN_RANGE_LOOP_ANALYSIS = YES;
				CLANG_WARN_STRICT_PROTOTYPES = YES;
				CLANG_WARN_SUSPICIOUS_MOVE = YES;
				CLANG_WARN_UNGUARDED_AVAILABILITY = YES_AGGRESSIVE;
				CLANG_WARN_UNREACHABLE_CODE = YES;
				CLANG_WARN__DUPLICATE_METHOD_MATCH = YES;
				COPY_PHASE_STRIP = NO;
				DEBUG_INFORMATION_FORMAT = dwarf;
				ENABLE_STRICT_OBJC_MSGSEND = YES;
				ENABLE_TESTABILITY = YES;
				GCC_C_LANGUAGE_STANDARD = gnu11;
				GCC_DYNAMIC_NO_PIC = NO;
				GCC_NO_COMMON_BLOCKS = YES;
				GCC_OPTIMIZATION_LEVEL = 0;
				GCC_PREPROCESSOR_DEFINITIONS = (
					"DEBUG=1",
					"$(inherited)",
				);
				GCC_WARN_64_TO_32_BIT_CONVERSION = YES;
				GCC_WARN_ABOUT_RETURN_TYPE = YES_ERROR;
				GCC_WARN_UNDECLARED_SELECTOR = YES;
				GCC_WARN_UNINITIALIZED_AUTOS = YES_AGGRESSIVE;
				GCC_WARN_UNUSED_FUNCTION = YES;
				GCC_WARN_UNUSED_VARIABLE = YES;
				IPHONEOS_DEPLOYMENT_TARGET = 15.0;
				MTL_ENABLE_DEBUG_INFO = INCLUDE_SOURCE;
				MTL_FAST_MATH = YES;
				ONLY_ACTIVE_ARCH = YES;
				SDKROOT = iphoneos;
				SWIFT_ACTIVE_COMPILATION_CONDITIONS = DEBUG;
				SWIFT_OPTIMIZATION_LEVEL = "-Onone";
			};
			name = Debug;
		};
		5A9ADD42274510880000C502 /* Release */ = {
			isa = XCBuildConfiguration;
			buildSettings = {
				ALWAYS_SEARCH_USER_PATHS = NO;
				CLANG_ANALYZER_NONNULL = YES;
				CLANG_ANALYZER_NUMBER_OBJECT_CONVERSION = YES_AGGRESSIVE;
				CLANG_CXX_LANGUAGE_STANDARD = "gnu++17";
				CLANG_CXX_LIBRARY = "libc++";
				CLANG_ENABLE_MODULES = YES;
				CLANG_ENABLE_OBJC_ARC = YES;
				CLANG_ENABLE_OBJC_WEAK = YES;
				CLANG_WARN_BLOCK_CAPTURE_AUTORELEASING = YES;
				CLANG_WARN_BOOL_CONVERSION = YES;
				CLANG_WARN_COMMA = YES;
				CLANG_WARN_CONSTANT_CONVERSION = YES;
				CLANG_WARN_DEPRECATED_OBJC_IMPLEMENTATIONS = YES;
				CLANG_WARN_DIRECT_OBJC_ISA_USAGE = YES_ERROR;
				CLANG_WARN_DOCUMENTATION_COMMENTS = YES;
				CLANG_WARN_EMPTY_BODY = YES;
				CLANG_WARN_ENUM_CONVERSION = YES;
				CLANG_WARN_INFINITE_RECURSION = YES;
				CLANG_WARN_INT_CONVERSION = YES;
				CLANG_WARN_NON_LITERAL_NULL_CONVERSION = YES;
				CLANG_WARN_OBJC_IMPLICIT_RETAIN_SELF = YES;
				CLANG_WARN_OBJC_LITERAL_CONVERSION = YES;
				CLANG_WARN_OBJC_ROOT_CLASS = YES_ERROR;
				CLANG_WARN_QUOTED_INCLUDE_IN_FRAMEWORK_HEADER = YES;
				CLANG_WARN_RANGE_LOOP_ANALYSIS = YES;
				CLANG_WARN_STRICT_PROTOTYPES = YES;
				CLANG_WARN_SUSPICIOUS_MOVE = YES;
				CLANG_WARN_UNGUARDED_AVAILABILITY = YES_AGGRESSIVE;
				CLANG_WARN_UNREACHABLE_CODE = YES;
				CLANG_WARN__DUPLICATE_METHOD_MATCH = YES;
				COPY_PHASE_STRIP = NO;
				DEBUG_INFORMATION_FORMAT = "dwarf-with-dsym";
				ENABLE_NS_ASSERTIONS = NO;
				ENABLE_STRICT_OBJC_MSGSEND = YES;
				GCC_C_LANGUAGE_STANDARD = gnu11;
				GCC_NO_COMMON_BLOCKS = YES;
				GCC_WARN_64_TO_32_BIT_CONVERSION = YES;
				GCC_WARN_ABOUT_RETURN_TYPE = YES_ERROR;
				GCC_WARN_UNDECLARED_SELECTOR = YES;
				GCC_WARN_UNINITIALIZED_AUTOS = YES_AGGRESSIVE;
				GCC_WARN_UNUSED_FUNCTION = YES;
				GCC_WARN_UNUSED_VARIABLE = YES;
				IPHONEOS_DEPLOYMENT_TARGET = 15.0;
				MTL_ENABLE_DEBUG_INFO = NO;
				MTL_FAST_MATH = YES;
				SDKROOT = iphoneos;
				SWIFT_COMPILATION_MODE = wholemodule;
				SWIFT_OPTIMIZATION_LEVEL = "-O";
				VALIDATE_PRODUCT = YES;
			};
			name = Release;
		};
		5A9ADD44274510880000C502 /* Debug */ = {
			isa = XCBuildConfiguration;
			baseConfigurationReference = BB502A193386E5B628A158DF /* Pods-UIKit_Fundamental.debug.xcconfig */;
			buildSettings = {
				ASSETCATALOG_COMPILER_APPICON_NAME = AppIcon;
				ASSETCATALOG_COMPILER_GLOBAL_ACCENT_COLOR_NAME = AccentColor;
				CODE_SIGN_STYLE = Automatic;
				CURRENT_PROJECT_VERSION = 1;
				DEVELOPMENT_TEAM = CYS4W9265H;
				GENERATE_INFOPLIST_FILE = YES;
				INFOPLIST_FILE = UIKit_Fundamental/Info.plist;
				INFOPLIST_KEY_UIApplicationSupportsIndirectInputEvents = YES;
				INFOPLIST_KEY_UILaunchStoryboardName = LaunchScreen;
				INFOPLIST_KEY_UIMainStoryboardFile = LaunchScreen;
				INFOPLIST_KEY_UISupportedInterfaceOrientations = "UIInterfaceOrientationPortrait UIInterfaceOrientationLandscapeLeft UIInterfaceOrientationLandscapeRight";
				INFOPLIST_KEY_UISupportedInterfaceOrientations_iPad = "UIInterfaceOrientationPortrait UIInterfaceOrientationPortraitUpsideDown UIInterfaceOrientationLandscapeLeft UIInterfaceOrientationLandscapeRight";
				INFOPLIST_KEY_UISupportedInterfaceOrientations_iPhone = "UIInterfaceOrientationPortrait UIInterfaceOrientationLandscapeLeft UIInterfaceOrientationLandscapeRight";
				LD_RUNPATH_SEARCH_PATHS = (
					"$(inherited)",
					"@executable_path/Frameworks",
				);
				MARKETING_VERSION = 1.0;
				PRODUCT_BUNDLE_IDENTIFIER = "com.jinny.UIKit-Fundamental";
				PRODUCT_NAME = "$(TARGET_NAME)";
				SWIFT_EMIT_LOC_STRINGS = YES;
				SWIFT_VERSION = 5.0;
				TARGETED_DEVICE_FAMILY = "1,2";
			};
			name = Debug;
		};
		5A9ADD45274510880000C502 /* Release */ = {
			isa = XCBuildConfiguration;
			baseConfigurationReference = 92C57C4D2BBF613BEEB5FC75 /* Pods-UIKit_Fundamental.release.xcconfig */;
			buildSettings = {
				ASSETCATALOG_COMPILER_APPICON_NAME = AppIcon;
				ASSETCATALOG_COMPILER_GLOBAL_ACCENT_COLOR_NAME = AccentColor;
				CODE_SIGN_STYLE = Automatic;
				CURRENT_PROJECT_VERSION = 1;
				DEVELOPMENT_TEAM = CYS4W9265H;
				GENERATE_INFOPLIST_FILE = YES;
				INFOPLIST_FILE = UIKit_Fundamental/Info.plist;
				INFOPLIST_KEY_UIApplicationSupportsIndirectInputEvents = YES;
				INFOPLIST_KEY_UILaunchStoryboardName = LaunchScreen;
				INFOPLIST_KEY_UIMainStoryboardFile = LaunchScreen;
				INFOPLIST_KEY_UISupportedInterfaceOrientations = "UIInterfaceOrientationPortrait UIInterfaceOrientationLandscapeLeft UIInterfaceOrientationLandscapeRight";
				INFOPLIST_KEY_UISupportedInterfaceOrientations_iPad = "UIInterfaceOrientationPortrait UIInterfaceOrientationPortraitUpsideDown UIInterfaceOrientationLandscapeLeft UIInterfaceOrientationLandscapeRight";
				INFOPLIST_KEY_UISupportedInterfaceOrientations_iPhone = "UIInterfaceOrientationPortrait UIInterfaceOrientationLandscapeLeft UIInterfaceOrientationLandscapeRight";
				LD_RUNPATH_SEARCH_PATHS = (
					"$(inherited)",
					"@executable_path/Frameworks",
				);
				MARKETING_VERSION = 1.0;
				PRODUCT_BUNDLE_IDENTIFIER = "com.jinny.UIKit-Fundamental";
				PRODUCT_NAME = "$(TARGET_NAME)";
				SWIFT_EMIT_LOC_STRINGS = YES;
				SWIFT_VERSION = 5.0;
				TARGETED_DEVICE_FAMILY = "1,2";
			};
			name = Release;
		};
/* End XCBuildConfiguration section */

/* Begin XCConfigurationList section */
		5A9ADD2A274510880000C502 /* Build configuration list for PBXProject "UIKit_Fundamental" */ = {
			isa = XCConfigurationList;
			buildConfigurations = (
				5A9ADD41274510880000C502 /* Debug */,
				5A9ADD42274510880000C502 /* Release */,
			);
			defaultConfigurationIsVisible = 0;
			defaultConfigurationName = Release;
		};
		5A9ADD43274510880000C502 /* Build configuration list for PBXNativeTarget "UIKit_Fundamental" */ = {
			isa = XCConfigurationList;
			buildConfigurations = (
				5A9ADD44274510880000C502 /* Debug */,
				5A9ADD45274510880000C502 /* Release */,
			);
			defaultConfigurationIsVisible = 0;
			defaultConfigurationName = Release;
		};
/* End XCConfigurationList section */
	};
	rootObject = 5A9ADD27274510880000C502 /* Project object */;
}
